
Microsoft Visual Studio Solution File, Format Version 12.00
Project("{FAE04EC0-301F-11D3-BF4B-00C04F79EFBC}") = "MusicPlayer", "MusicPlayer\MusicPlayer.csproj", "{D6DA08B3-1A7B-4217-AD4B-F6C9C64202C8}"
EndProject
Global
	GlobalSection(SolutionConfigurationPlatforms) = preSolution
		Debug|Any CPU = Debug|Any CPU
		Release|Any CPU = Release|Any CPU
	EndGlobalSection
	GlobalSection(ProjectConfigurationPlatforms) = postSolution
		{D6DA08B3-1A7B-4217-AD4B-F6C9C64202C8}.Debug|Any CPU.ActiveCfg = Debug|Any CPU
		{D6DA08B3-1A7B-4217-AD4B-F6C9C64202C8}.Debug|Any CPU.Build.0 = Debug|Any CPU
		{D6DA08B3-1A7B-4217-AD4B-F6C9C64202C8}.Release|Any CPU.ActiveCfg = Release|Any CPU
		{D6DA08B3-1A7B-4217-AD4B-F6C9C64202C8}.Release|Any CPU.Build.0 = Release|Any CPU
	EndGlobalSection
EndGlobal
